// !$*UTF8*$!
{
	archiveVersion = 1;
	classes = {
	};
	objectVersion = 56;
	objects = {

/* Begin PBXBuildFile section */
		074306F62C1B5479008B0BEC /* openf1App.swift in Sources */ = {isa = PBXBuildFile; fileRef = 074306F52C1B5479008B0BEC /* openf1App.swift */; };
		074306F82C1B5479008B0BEC /* ContentView.swift in Sources */ = {isa = PBXBuildFile; fileRef = 074306F72C1B5479008B0BEC /* ContentView.swift */; };
		074306FA2C1B547A008B0BEC /* Assets.xcassets in Resources */ = {isa = PBXBuildFile; fileRef = 074306F92C1B547A008B0BEC /* Assets.xcassets */; };
		074306FE2C1B547A008B0BEC /* Preview Assets.xcassets in Resources */ = {isa = PBXBuildFile; fileRef = 074306FD2C1B547A008B0BEC /* Preview Assets.xcassets */; };
		074307062C1B54CD008B0BEC /* AppState.swift in Sources */ = {isa = PBXBuildFile; fileRef = 074307052C1B54CD008B0BEC /* AppState.swift */; };
		074307092C1B552C008B0BEC /* TimingData.swift in Sources */ = {isa = PBXBuildFile; fileRef = 074307082C1B552C008B0BEC /* TimingData.swift */; };
		0743070B2C1B558E008B0BEC /* Misc.swift in Sources */ = {isa = PBXBuildFile; fileRef = 0743070A2C1B558E008B0BEC /* Misc.swift */; };
		0743070D2C1B5717008B0BEC /* DriverListData.swift in Sources */ = {isa = PBXBuildFile; fileRef = 0743070C2C1B5717008B0BEC /* DriverListData.swift */; };
		0743070F2C1B5B2F008B0BEC /* TimingData.json in Resources */ = {isa = PBXBuildFile; fileRef = 0743070E2C1B5B2F008B0BEC /* TimingData.json */; };
		074307112C1B5C3B008B0BEC /* DriverList.json in Resources */ = {isa = PBXBuildFile; fileRef = 074307102C1B5C3B008B0BEC /* DriverList.json */; };
		074307132C1B5CA0008B0BEC /* ExtrapolatedClock.json in Resources */ = {isa = PBXBuildFile; fileRef = 074307122C1B5CA0008B0BEC /* ExtrapolatedClock.json */; };
		074307152C1B5CBB008B0BEC /* Heartbeat.json in Resources */ = {isa = PBXBuildFile; fileRef = 074307142C1B5CBB008B0BEC /* Heartbeat.json */; };
		074307172C1B5CD1008B0BEC /* LapCount.json in Resources */ = {isa = PBXBuildFile; fileRef = 074307162C1B5CD1008B0BEC /* LapCount.json */; };
		074307192C1B5CEB008B0BEC /* RaceControlMessages.json in Resources */ = {isa = PBXBuildFile; fileRef = 074307182C1B5CEB008B0BEC /* RaceControlMessages.json */; };
		0743071B2C1B5CFF008B0BEC /* SessionInfo.json in Resources */ = {isa = PBXBuildFile; fileRef = 0743071A2C1B5CFF008B0BEC /* SessionInfo.json */; };
		0743071D2C1B5D14008B0BEC /* TimingAppData.json in Resources */ = {isa = PBXBuildFile; fileRef = 0743071C2C1B5D14008B0BEC /* TimingAppData.json */; };
		0743071F2C1B5D2B008B0BEC /* TrackStatus.json in Resources */ = {isa = PBXBuildFile; fileRef = 0743071E2C1B5D2B008B0BEC /* TrackStatus.json */; };
		074307212C1B5D42008B0BEC /* WeatherData.json in Resources */ = {isa = PBXBuildFile; fileRef = 074307202C1B5D42008B0BEC /* WeatherData.json */; };
		074307232C1B5D64008B0BEC /* TimingDataHistory_1.json in Resources */ = {isa = PBXBuildFile; fileRef = 074307222C1B5D64008B0BEC /* TimingDataHistory_1.json */; };
		074307252C1B5D75008B0BEC /* TimingDataHistory_2.json in Resources */ = {isa = PBXBuildFile; fileRef = 074307242C1B5D75008B0BEC /* TimingDataHistory_2.json */; };
		074307272C1B5DAF008B0BEC /* TimingDataHistory_Best.json in Resources */ = {isa = PBXBuildFile; fileRef = 074307262C1B5DAF008B0BEC /* TimingDataHistory_Best.json */; };
		074307292C1B5E1B008B0BEC /* JsonUtils.swift in Sources */ = {isa = PBXBuildFile; fileRef = 074307282C1B5E1B008B0BEC /* JsonUtils.swift */; };
		0743072B2C1B5F93008B0BEC /* FakeAppState.swift in Sources */ = {isa = PBXBuildFile; fileRef = 0743072A2C1B5F93008B0BEC /* FakeAppState.swift */; };
/* End PBXBuildFile section */

/* Begin PBXFileReference section */
		074306F22C1B5479008B0BEC /* openf1.app */ = {isa = PBXFileReference; explicitFileType = wrapper.application; includeInIndex = 0; path = openf1.app; sourceTree = BUILT_PRODUCTS_DIR; };
		074306F52C1B5479008B0BEC /* openf1App.swift */ = {isa = PBXFileReference; lastKnownFileType = sourcecode.swift; path = openf1App.swift; sourceTree = "<group>"; };
		074306F72C1B5479008B0BEC /* ContentView.swift */ = {isa = PBXFileReference; lastKnownFileType = sourcecode.swift; path = ContentView.swift; sourceTree = "<group>"; };
		074306F92C1B547A008B0BEC /* Assets.xcassets */ = {isa = PBXFileReference; lastKnownFileType = folder.assetcatalog; path = Assets.xcassets; sourceTree = "<group>"; };
		074306FB2C1B547A008B0BEC /* openf1.entitlements */ = {isa = PBXFileReference; lastKnownFileType = text.plist.entitlements; path = openf1.entitlements; sourceTree = "<group>"; };
		074306FD2C1B547A008B0BEC /* Preview Assets.xcassets */ = {isa = PBXFileReference; lastKnownFileType = folder.assetcatalog; path = "Preview Assets.xcassets"; sourceTree = "<group>"; };
		074307052C1B54CD008B0BEC /* AppState.swift */ = {isa = PBXFileReference; lastKnownFileType = sourcecode.swift; path = AppState.swift; sourceTree = "<group>"; };
		074307082C1B552C008B0BEC /* TimingData.swift */ = {isa = PBXFileReference; lastKnownFileType = sourcecode.swift; path = TimingData.swift; sourceTree = "<group>"; };
		0743070A2C1B558E008B0BEC /* Misc.swift */ = {isa = PBXFileReference; lastKnownFileType = sourcecode.swift; path = Misc.swift; sourceTree = "<group>"; };
		0743070C2C1B5717008B0BEC /* DriverListData.swift */ = {isa = PBXFileReference; lastKnownFileType = sourcecode.swift; path = DriverListData.swift; sourceTree = "<group>"; };
		0743070E2C1B5B2F008B0BEC /* TimingData.json */ = {isa = PBXFileReference; lastKnownFileType = text.json; path = TimingData.json; sourceTree = "<group>"; };
		074307102C1B5C3B008B0BEC /* DriverList.json */ = {isa = PBXFileReference; lastKnownFileType = text.json; path = DriverList.json; sourceTree = "<group>"; };
		074307122C1B5CA0008B0BEC /* ExtrapolatedClock.json */ = {isa = PBXFileReference; lastKnownFileType = text.json; path = ExtrapolatedClock.json; sourceTree = "<group>"; };
		074307142C1B5CBB008B0BEC /* Heartbeat.json */ = {isa = PBXFileReference; lastKnownFileType = text.json; path = Heartbeat.json; sourceTree = "<group>"; };
		074307162C1B5CD1008B0BEC /* LapCount.json */ = {isa = PBXFileReference; lastKnownFileType = text.json; path = LapCount.json; sourceTree = "<group>"; };
		074307182C1B5CEB008B0BEC /* RaceControlMessages.json */ = {isa = PBXFileReference; lastKnownFileType = text.json; path = RaceControlMessages.json; sourceTree = "<group>"; };
		0743071A2C1B5CFF008B0BEC /* SessionInfo.json */ = {isa = PBXFileReference; lastKnownFileType = text.json; path = SessionInfo.json; sourceTree = "<group>"; };
		0743071C2C1B5D14008B0BEC /* TimingAppData.json */ = {isa = PBXFileReference; lastKnownFileType = text.json; path = TimingAppData.json; sourceTree = "<group>"; };
		0743071E2C1B5D2B008B0BEC /* TrackStatus.json */ = {isa = PBXFileReference; lastKnownFileType = text.json; path = TrackStatus.json; sourceTree = "<group>"; };
		074307202C1B5D42008B0BEC /* WeatherData.json */ = {isa = PBXFileReference; lastKnownFileType = text.json; path = WeatherData.json; sourceTree = "<group>"; };
		074307222C1B5D64008B0BEC /* TimingDataHistory_1.json */ = {isa = PBXFileReference; lastKnownFileType = text.json; path = TimingDataHistory_1.json; sourceTree = "<group>"; };
		074307242C1B5D75008B0BEC /* TimingDataHistory_2.json */ = {isa = PBXFileReference; lastKnownFileType = text.json; path = TimingDataHistory_2.json; sourceTree = "<group>"; };
		074307262C1B5DAF008B0BEC /* TimingDataHistory_Best.json */ = {isa = PBXFileReference; lastKnownFileType = text.json; path = TimingDataHistory_Best.json; sourceTree = "<group>"; };
		074307282C1B5E1B008B0BEC /* JsonUtils.swift */ = {isa = PBXFileReference; lastKnownFileType = sourcecode.swift; path = JsonUtils.swift; sourceTree = "<group>"; };
		0743072A2C1B5F93008B0BEC /* FakeAppState.swift */ = {isa = PBXFileReference; lastKnownFileType = sourcecode.swift; path = FakeAppState.swift; sourceTree = "<group>"; };
/* End PBXFileReference section */

/* Begin PBXFrameworksBuildPhase section */
		074306EF2C1B5479008B0BEC /* Frameworks */ = {
			isa = PBXFrameworksBuildPhase;
			buildActionMask = 2147483647;
			files = (
			);
			runOnlyForDeploymentPostprocessing = 0;
		};
/* End PBXFrameworksBuildPhase section */

/* Begin PBXGroup section */
		074306E92C1B5479008B0BEC = {
			isa = PBXGroup;
			children = (
				074306F42C1B5479008B0BEC /* openf1 */,
				074306F32C1B5479008B0BEC /* Products */,
			);
			sourceTree = "<group>";
		};
		074306F32C1B5479008B0BEC /* Products */ = {
			isa = PBXGroup;
			children = (
				074306F22C1B5479008B0BEC /* openf1.app */,
			);
			name = Products;
			sourceTree = "<group>";
		};
		074306F42C1B5479008B0BEC /* openf1 */ = {
			isa = PBXGroup;
			children = (
				074307042C1B54BC008B0BEC /* AppState */,
				074306F52C1B5479008B0BEC /* openf1App.swift */,
				074306F72C1B5479008B0BEC /* ContentView.swift */,
				074306F92C1B547A008B0BEC /* Assets.xcassets */,
				074306FB2C1B547A008B0BEC /* openf1.entitlements */,
				074306FC2C1B547A008B0BEC /* Preview Content */,
			);
			path = openf1;
			sourceTree = "<group>";
		};
		074306FC2C1B547A008B0BEC /* Preview Content */ = {
			isa = PBXGroup;
			children = (
				074306FD2C1B547A008B0BEC /* Preview Assets.xcassets */,
				0743072A2C1B5F93008B0BEC /* FakeAppState.swift */,
				074307102C1B5C3B008B0BEC /* DriverList.json */,
				074307122C1B5CA0008B0BEC /* ExtrapolatedClock.json */,
				074307142C1B5CBB008B0BEC /* Heartbeat.json */,
				074307162C1B5CD1008B0BEC /* LapCount.json */,
				074307182C1B5CEB008B0BEC /* RaceControlMessages.json */,
				0743071A2C1B5CFF008B0BEC /* SessionInfo.json */,
				0743071C2C1B5D14008B0BEC /* TimingAppData.json */,
				0743071E2C1B5D2B008B0BEC /* TrackStatus.json */,
				074307202C1B5D42008B0BEC /* WeatherData.json */,
				0743070E2C1B5B2F008B0BEC /* TimingData.json */,
				074307222C1B5D64008B0BEC /* TimingDataHistory_1.json */,
				074307242C1B5D75008B0BEC /* TimingDataHistory_2.json */,
				074307262C1B5DAF008B0BEC /* TimingDataHistory_Best.json */,
			);
			path = "Preview Content";
			sourceTree = "<group>";
		};
		074307042C1B54BC008B0BEC /* AppState */ = {
			isa = PBXGroup;
			children = (
				074307072C1B5522008B0BEC /* Models */,
				074307052C1B54CD008B0BEC /* AppState.swift */,
				074307282C1B5E1B008B0BEC /* JsonUtils.swift */,
			);
			path = AppState;
			sourceTree = "<group>";
		};
		074307072C1B5522008B0BEC /* Models */ = {
			isa = PBXGroup;
			children = (
				074307082C1B552C008B0BEC /* TimingData.swift */,
				0743070A2C1B558E008B0BEC /* Misc.swift */,
				0743070C2C1B5717008B0BEC /* DriverListData.swift */,
			);
			path = Models;
			sourceTree = "<group>";
		};
/* End PBXGroup section */

/* Begin PBXNativeTarget section */
		074306F12C1B5479008B0BEC /* openf1 */ = {
			isa = PBXNativeTarget;
			buildConfigurationList = 074307012C1B547A008B0BEC /* Build configuration list for PBXNativeTarget "openf1" */;
			buildPhases = (
				074306EE2C1B5479008B0BEC /* Sources */,
				074306EF2C1B5479008B0BEC /* Frameworks */,
				074306F02C1B5479008B0BEC /* Resources */,
			);
			buildRules = (
			);
			dependencies = (
			);
			name = openf1;
			productName = openf1;
			productReference = 074306F22C1B5479008B0BEC /* openf1.app */;
			productType = "com.apple.product-type.application";
		};
/* End PBXNativeTarget section */

/* Begin PBXProject section */
		074306EA2C1B5479008B0BEC /* Project object */ = {
			isa = PBXProject;
			attributes = {
				BuildIndependentTargetsInParallel = 1;
				LastSwiftUpdateCheck = 1540;
				LastUpgradeCheck = 1540;
				TargetAttributes = {
					074306F12C1B5479008B0BEC = {
						CreatedOnToolsVersion = 15.4;
					};
				};
			};
			buildConfigurationList = 074306ED2C1B5479008B0BEC /* Build configuration list for PBXProject "openf1" */;
			compatibilityVersion = "Xcode 14.0";
			developmentRegion = en;
			hasScannedForEncodings = 0;
			knownRegions = (
				en,
				Base,
			);
			mainGroup = 074306E92C1B5479008B0BEC;
			productRefGroup = 074306F32C1B5479008B0BEC /* Products */;
			projectDirPath = "";
			projectRoot = "";
			targets = (
				074306F12C1B5479008B0BEC /* openf1 */,
			);
		};
/* End PBXProject section */

/* Begin PBXResourcesBuildPhase section */
		074306F02C1B5479008B0BEC /* Resources */ = {
			isa = PBXResourcesBuildPhase;
			buildActionMask = 2147483647;
			files = (
				074307152C1B5CBB008B0BEC /* Heartbeat.json in Resources */,
				074306FE2C1B547A008B0BEC /* Preview Assets.xcassets in Resources */,
				0743071B2C1B5CFF008B0BEC /* SessionInfo.json in Resources */,
				074306FA2C1B547A008B0BEC /* Assets.xcassets in Resources */,
				074307132C1B5CA0008B0BEC /* ExtrapolatedClock.json in Resources */,
				074307192C1B5CEB008B0BEC /* RaceControlMessages.json in Resources */,
				074307232C1B5D64008B0BEC /* TimingDataHistory_1.json in Resources */,
				074307212C1B5D42008B0BEC /* WeatherData.json in Resources */,
				0743070F2C1B5B2F008B0BEC /* TimingData.json in Resources */,
				074307252C1B5D75008B0BEC /* TimingDataHistory_2.json in Resources */,
				074307112C1B5C3B008B0BEC /* DriverList.json in Resources */,
				0743071F2C1B5D2B008B0BEC /* TrackStatus.json in Resources */,
				0743071D2C1B5D14008B0BEC /* TimingAppData.json in Resources */,
				074307172C1B5CD1008B0BEC /* LapCount.json in Resources */,
				074307272C1B5DAF008B0BEC /* TimingDataHistory_Best.json in Resources */,
			);
			runOnlyForDeploymentPostprocessing = 0;
		};
/* End PBXResourcesBuildPhase section */

/* Begin PBXSourcesBuildPhase section */
		074306EE2C1B5479008B0BEC /* Sources */ = {
			isa = PBXSourcesBuildPhase;
			buildActionMask = 2147483647;
			files = (
				074307062C1B54CD008B0BEC /* AppState.swift in Sources */,
				074307292C1B5E1B008B0BEC /* JsonUtils.swift in Sources */,
				0743070D2C1B5717008B0BEC /* DriverListData.swift in Sources */,
				074307092C1B552C008B0BEC /* TimingData.swift in Sources */,
				074306F82C1B5479008B0BEC /* ContentView.swift in Sources */,
				0743070B2C1B558E008B0BEC /* Misc.swift in Sources */,
				0743072B2C1B5F93008B0BEC /* FakeAppState.swift in Sources */,
				074306F62C1B5479008B0BEC /* openf1App.swift in Sources */,
			);
			runOnlyForDeploymentPostprocessing = 0;
		};
/* End PBXSourcesBuildPhase section */

/* Begin XCBuildConfiguration section */
		074306FF2C1B547A008B0BEC /* Debug */ = {
			isa = XCBuildConfiguration;
			buildSettings = {
				ALWAYS_SEARCH_USER_PATHS = NO;
				ASSETCATALOG_COMPILER_GENERATE_SWIFT_ASSET_SYMBOL_EXTENSIONS = YES;
				CLANG_ANALYZER_NONNULL = YES;
				CLANG_ANALYZER_NUMBER_OBJECT_CONVERSION = YES_AGGRESSIVE;
				CLANG_CXX_LANGUAGE_STANDARD = "gnu++20";
				CLANG_ENABLE_MODULES = YES;
				CLANG_ENABLE_OBJC_ARC = YES;
				CLANG_ENABLE_OBJC_WEAK = YES;
				CLANG_WARN_BLOCK_CAPTURE_AUTORELEASING = YES;
				CLANG_WARN_BOOL_CONVERSION = YES;
				CLANG_WARN_COMMA = YES;
				CLANG_WARN_CONSTANT_CONVERSION = YES;
				CLANG_WARN_DEPRECATED_OBJC_IMPLEMENTATIONS = YES;
				CLANG_WARN_DIRECT_OBJC_ISA_USAGE = YES_ERROR;
				CLANG_WARN_DOCUMENTATION_COMMENTS = YES;
				CLANG_WARN_EMPTY_BODY = YES;
				CLANG_WARN_ENUM_CONVERSION = YES;
				CLANG_WARN_INFINITE_RECURSION = YES;
				CLANG_WARN_INT_CONVERSION = YES;
				CLANG_WARN_NON_LITERAL_NULL_CONVERSION = YES;
				CLANG_WARN_OBJC_IMPLICIT_RETAIN_SELF = YES;
				CLANG_WARN_OBJC_LITERAL_CONVERSION = YES;
				CLANG_WARN_OBJC_ROOT_CLASS = YES_ERROR;
				CLANG_WARN_QUOTED_INCLUDE_IN_FRAMEWORK_HEADER = YES;
				CLANG_WARN_RANGE_LOOP_ANALYSIS = YES;
				CLANG_WARN_STRICT_PROTOTYPES = YES;
				CLANG_WARN_SUSPICIOUS_MOVE = YES;
				CLANG_WARN_UNGUARDED_AVAILABILITY = YES_AGGRESSIVE;
				CLANG_WARN_UNREACHABLE_CODE = YES;
				CLANG_WARN__DUPLICATE_METHOD_MATCH = YES;
				COPY_PHASE_STRIP = NO;
				DEBUG_INFORMATION_FORMAT = dwarf;
				ENABLE_STRICT_OBJC_MSGSEND = YES;
				ENABLE_TESTABILITY = YES;
				ENABLE_USER_SCRIPT_SANDBOXING = YES;
				GCC_C_LANGUAGE_STANDARD = gnu17;
				GCC_DYNAMIC_NO_PIC = NO;
				GCC_NO_COMMON_BLOCKS = YES;
				GCC_OPTIMIZATION_LEVEL = 0;
				GCC_PREPROCESSOR_DEFINITIONS = (
					"DEBUG=1",
					"$(inherited)",
				);
				GCC_WARN_64_TO_32_BIT_CONVERSION = YES;
				GCC_WARN_ABOUT_RETURN_TYPE = YES_ERROR;
				GCC_WARN_UNDECLARED_SELECTOR = YES;
				GCC_WARN_UNINITIALIZED_AUTOS = YES_AGGRESSIVE;
				GCC_WARN_UNUSED_FUNCTION = YES;
				GCC_WARN_UNUSED_VARIABLE = YES;
				LOCALIZATION_PREFERS_STRING_CATALOGS = YES;
				MTL_ENABLE_DEBUG_INFO = INCLUDE_SOURCE;
				MTL_FAST_MATH = YES;
				ONLY_ACTIVE_ARCH = YES;
				SWIFT_ACTIVE_COMPILATION_CONDITIONS = "DEBUG $(inherited)";
				SWIFT_OPTIMIZATION_LEVEL = "-Onone";
			};
			name = Debug;
		};
		074307002C1B547A008B0BEC /* Release */ = {
			isa = XCBuildConfiguration;
			buildSettings = {
				ALWAYS_SEARCH_USER_PATHS = NO;
				ASSETCATALOG_COMPILER_GENERATE_SWIFT_ASSET_SYMBOL_EXTENSIONS = YES;
				CLANG_ANALYZER_NONNULL = YES;
				CLANG_ANALYZER_NUMBER_OBJECT_CONVERSION = YES_AGGRESSIVE;
				CLANG_CXX_LANGUAGE_STANDARD = "gnu++20";
				CLANG_ENABLE_MODULES = YES;
				CLANG_ENABLE_OBJC_ARC = YES;
				CLANG_ENABLE_OBJC_WEAK = YES;
				CLANG_WARN_BLOCK_CAPTURE_AUTORELEASING = YES;
				CLANG_WARN_BOOL_CONVERSION = YES;
				CLANG_WARN_COMMA = YES;
				CLANG_WARN_CONSTANT_CONVERSION = YES;
				CLANG_WARN_DEPRECATED_OBJC_IMPLEMENTATIONS = YES;
				CLANG_WARN_DIRECT_OBJC_ISA_USAGE = YES_ERROR;
				CLANG_WARN_DOCUMENTATION_COMMENTS = YES;
				CLANG_WARN_EMPTY_BODY = YES;
				CLANG_WARN_ENUM_CONVERSION = YES;
				CLANG_WARN_INFINITE_RECURSION = YES;
				CLANG_WARN_INT_CONVERSION = YES;
				CLANG_WARN_NON_LITERAL_NULL_CONVERSION = YES;
				CLANG_WARN_OBJC_IMPLICIT_RETAIN_SELF = YES;
				CLANG_WARN_OBJC_LITERAL_CONVERSION = YES;
				CLANG_WARN_OBJC_ROOT_CLASS = YES_ERROR;
				CLANG_WARN_QUOTED_INCLUDE_IN_FRAMEWORK_HEADER = YES;
				CLANG_WARN_RANGE_LOOP_ANALYSIS = YES;
				CLANG_WARN_STRICT_PROTOTYPES = YES;
				CLANG_WARN_SUSPICIOUS_MOVE = YES;
				CLANG_WARN_UNGUARDED_AVAILABILITY = YES_AGGRESSIVE;
				CLANG_WARN_UNREACHABLE_CODE = YES;
				CLANG_WARN__DUPLICATE_METHOD_MATCH = YES;
				COPY_PHASE_STRIP = NO;
				DEBUG_INFORMATION_FORMAT = "dwarf-with-dsym";
				ENABLE_NS_ASSERTIONS = NO;
				ENABLE_STRICT_OBJC_MSGSEND = YES;
				ENABLE_USER_SCRIPT_SANDBOXING = YES;
				GCC_C_LANGUAGE_STANDARD = gnu17;
				GCC_NO_COMMON_BLOCKS = YES;
				GCC_WARN_64_TO_32_BIT_CONVERSION = YES;
				GCC_WARN_ABOUT_RETURN_TYPE = YES_ERROR;
				GCC_WARN_UNDECLARED_SELECTOR = YES;
				GCC_WARN_UNINITIALIZED_AUTOS = YES_AGGRESSIVE;
				GCC_WARN_UNUSED_FUNCTION = YES;
				GCC_WARN_UNUSED_VARIABLE = YES;
				LOCALIZATION_PREFERS_STRING_CATALOGS = YES;
				MTL_ENABLE_DEBUG_INFO = NO;
				MTL_FAST_MATH = YES;
				SWIFT_COMPILATION_MODE = wholemodule;
			};
			name = Release;
		};
		074307022C1B547A008B0BEC /* Debug */ = {
			isa = XCBuildConfiguration;
			buildSettings = {
				ASSETCATALOG_COMPILER_APPICON_NAME = AppIcon;
				ASSETCATALOG_COMPILER_GLOBAL_ACCENT_COLOR_NAME = AccentColor;
				CODE_SIGN_ENTITLEMENTS = openf1/openf1.entitlements;
				CODE_SIGN_STYLE = Automatic;
				CURRENT_PROJECT_VERSION = 1;
				DEVELOPMENT_ASSET_PATHS = "\"openf1/Preview Content\"";
				DEVELOPMENT_TEAM = KED4M385SL;
				ENABLE_HARDENED_RUNTIME = YES;
				ENABLE_PREVIEWS = YES;
				GENERATE_INFOPLIST_FILE = YES;
				"INFOPLIST_KEY_UIApplicationSceneManifest_Generation[sdk=iphoneos*]" = YES;
				"INFOPLIST_KEY_UIApplicationSceneManifest_Generation[sdk=iphonesimulator*]" = YES;
				"INFOPLIST_KEY_UIApplicationSupportsIndirectInputEvents[sdk=iphoneos*]" = YES;
				"INFOPLIST_KEY_UIApplicationSupportsIndirectInputEvents[sdk=iphonesimulator*]" = YES;
				"INFOPLIST_KEY_UILaunchScreen_Generation[sdk=iphoneos*]" = YES;
				"INFOPLIST_KEY_UILaunchScreen_Generation[sdk=iphonesimulator*]" = YES;
				"INFOPLIST_KEY_UIStatusBarStyle[sdk=iphoneos*]" = UIStatusBarStyleDefault;
				"INFOPLIST_KEY_UIStatusBarStyle[sdk=iphonesimulator*]" = UIStatusBarStyleDefault;
				INFOPLIST_KEY_UISupportedInterfaceOrientations_iPad = "UIInterfaceOrientationPortrait UIInterfaceOrientationPortraitUpsideDown UIInterfaceOrientationLandscapeLeft UIInterfaceOrientationLandscapeRight";
				INFOPLIST_KEY_UISupportedInterfaceOrientations_iPhone = "UIInterfaceOrientationPortrait UIInterfaceOrientationLandscapeLeft UIInterfaceOrientationLandscapeRight";
				IPHONEOS_DEPLOYMENT_TARGET = 17.5;
				LD_RUNPATH_SEARCH_PATHS = "@executable_path/Frameworks";
				"LD_RUNPATH_SEARCH_PATHS[sdk=macosx*]" = "@executable_path/../Frameworks";
				MACOSX_DEPLOYMENT_TARGET = 14.4;
				MARKETING_VERSION = 1.0;
				PRODUCT_BUNDLE_IDENTIFIER = co.openf1.openf1;
				PRODUCT_NAME = "$(TARGET_NAME)";
				SDKROOT = auto;
				SUPPORTED_PLATFORMS = "iphoneos iphonesimulator macosx";
				SWIFT_EMIT_LOC_STRINGS = YES;
				SWIFT_VERSION = 5.0;
				TARGETED_DEVICE_FAMILY = "1,2";
			};
			name = Debug;
		};
		074307032C1B547A008B0BEC /* Release */ = {
			isa = XCBuildConfiguration;
			buildSettings = {
				ASSETCATALOG_COMPILER_APPICON_NAME = AppIcon;
				ASSETCATALOG_COMPILER_GLOBAL_ACCENT_COLOR_NAME = AccentColor;
				CODE_SIGN_ENTITLEMENTS = openf1/openf1.entitlements;
				CODE_SIGN_STYLE = Automatic;
				CURRENT_PROJECT_VERSION = 1;
				DEVELOPMENT_ASSET_PATHS = "\"openf1/Preview Content\"";
				DEVELOPMENT_TEAM = KED4M385SL;
				ENABLE_HARDENED_RUNTIME = YES;
				ENABLE_PREVIEWS = YES;
				GENERATE_INFOPLIST_FILE = YES;
				"INFOPLIST_KEY_UIApplicationSceneManifest_Generation[sdk=iphoneos*]" = YES;
				"INFOPLIST_KEY_UIApplicationSceneManifest_Generation[sdk=iphonesimulator*]" = YES;
				"INFOPLIST_KEY_UIApplicationSupportsIndirectInputEvents[sdk=iphoneos*]" = YES;
				"INFOPLIST_KEY_UIApplicationSupportsIndirectInputEvents[sdk=iphonesimulator*]" = YES;
				"INFOPLIST_KEY_UILaunchScreen_Generation[sdk=iphoneos*]" = YES;
				"INFOPLIST_KEY_UILaunchScreen_Generation[sdk=iphonesimulator*]" = YES;
				"INFOPLIST_KEY_UIStatusBarStyle[sdk=iphoneos*]" = UIStatusBarStyleDefault;
				"INFOPLIST_KEY_UIStatusBarStyle[sdk=iphonesimulator*]" = UIStatusBarStyleDefault;
				INFOPLIST_KEY_UISupportedInterfaceOrientations_iPad = "UIInterfaceOrientationPortrait UIInterfaceOrientationPortraitUpsideDown UIInterfaceOrientationLandscapeLeft UIInterfaceOrientationLandscapeRight";
				INFOPLIST_KEY_UISupportedInterfaceOrientations_iPhone = "UIInterfaceOrientationPortrait UIInterfaceOrientationLandscapeLeft UIInterfaceOrientationLandscapeRight";
				IPHONEOS_DEPLOYMENT_TARGET = 17.5;
				LD_RUNPATH_SEARCH_PATHS = "@executable_path/Frameworks";
				"LD_RUNPATH_SEARCH_PATHS[sdk=macosx*]" = "@executable_path/../Frameworks";
				MACOSX_DEPLOYMENT_TARGET = 14.4;
				MARKETING_VERSION = 1.0;
				PRODUCT_BUNDLE_IDENTIFIER = co.openf1.openf1;
				PRODUCT_NAME = "$(TARGET_NAME)";
				SDKROOT = auto;
				SUPPORTED_PLATFORMS = "iphoneos iphonesimulator macosx";
				SWIFT_EMIT_LOC_STRINGS = YES;
				SWIFT_VERSION = 5.0;
				TARGETED_DEVICE_FAMILY = "1,2";
			};
			name = Release;
		};
/* End XCBuildConfiguration section */

/* Begin XCConfigurationList section */
		074306ED2C1B5479008B0BEC /* Build configuration list for PBXProject "openf1" */ = {
			isa = XCConfigurationList;
			buildConfigurations = (
				074306FF2C1B547A008B0BEC /* Debug */,
				074307002C1B547A008B0BEC /* Release */,
			);
			defaultConfigurationIsVisible = 0;
			defaultConfigurationName = Release;
		};
		074307012C1B547A008B0BEC /* Build configuration list for PBXNativeTarget "openf1" */ = {
			isa = XCConfigurationList;
			buildConfigurations = (
				074307022C1B547A008B0BEC /* Debug */,
				074307032C1B547A008B0BEC /* Release */,
			);
			defaultConfigurationIsVisible = 0;
			defaultConfigurationName = Release;
		};
/* End XCConfigurationList section */
	};
	rootObject = 074306EA2C1B5479008B0BEC /* Project object */;
}
