Microsoft Visual Studio Solution File, Format Version 12.00
# Visual Studio Version 17
VisualStudioVersion = 17.5.2.0
MinimumVisualStudioVersion = 10.0.40219.1
Project("{FAE04EC0-301F-11D3-BF4B-00C04F79EFBC}") = "OpenF1.Console", "OpenF1.Console.csproj", "{F7C6821A-9DFF-8AAA-81C7-BF7E3293D5E8}"
EndProject
Global
	GlobalSection(SolutionConfigurationPlatforms) = preSolution
		Debug|Any CPU = Debug|Any CPU
		Release|Any CPU = Release|Any CPU
	EndGlobalSection
	GlobalSection(ProjectConfigurationPlatforms) = postSolution
		{F7C6821A-9DFF-8AAA-81C7-BF7E3293D5E8}.Debug|Any CPU.ActiveCfg = Debug|Any CPU
		{F7C6821A-9DFF-8AAA-81C7-BF7E3293D5E8}.Debug|Any CPU.Build.0 = Debug|Any CPU
		{F7C6821A-9DFF-8AAA-81C7-BF7E3293D5E8}.Release|Any CPU.ActiveCfg = Release|Any CPU
		{F7C6821A-9DFF-8AAA-81C7-BF7E3293D5E8}.Release|Any CPU.Build.0 = Release|Any CPU
	EndGlobalSection
	GlobalSection(SolutionProperties) = preSolution
		HideSolutionNode = FALSE
	EndGlobalSection
	GlobalSection(ExtensibilityGlobals) = postSolution
		SolutionGuid = {C1A47B81-EBCC-4C2B-81FA-83F615681591}
	EndGlobalSection
EndGlobal
